// !$*UTF8*$!
{
	archiveVersion = 1;
	classes = {
	};
	objectVersion = 46;
	objects = {

/* Begin PBXBuildFile section */
		D47E005D1EBBE1D1009E7C76 /* AppDelegate.swift in Sources */ = {isa = PBXBuildFile; fileRef = D47E005C1EBBE1D1009E7C76 /* AppDelegate.swift */; };
		D47E005F1EBBE1D1009E7C76 /* ViewController.swift in Sources */ = {isa = PBXBuildFile; fileRef = D47E005E1EBBE1D1009E7C76 /* ViewController.swift */; };
		D47E00621EBBE1D1009E7C76 /* popularTVmovie.xcdatamodeld in Sources */ = {isa = PBXBuildFile; fileRef = D47E00601EBBE1D1009E7C76 /* popularTVmovie.xcdatamodeld */; };
		D47E00651EBBE1D1009E7C76 /* Main.storyboard in Resources */ = {isa = PBXBuildFile; fileRef = D47E00631EBBE1D1009E7C76 /* Main.storyboard */; };
		D47E00671EBBE1D2009E7C76 /* Assets.xcassets in Resources */ = {isa = PBXBuildFile; fileRef = D47E00661EBBE1D2009E7C76 /* Assets.xcassets */; };
		D47E006F1EBBE6D9009E7C76 /* extensions.swift in Sources */ = {isa = PBXBuildFile; fileRef = D47E006E1EBBE6D9009E7C76 /* extensions.swift */; };
		D47E00711EBBE7FC009E7C76 /* batman.jpg in Resources */ = {isa = PBXBuildFile; fileRef = D47E00701EBBE7FC009E7C76 /* batman.jpg */; };
		D47E00731EBC1928009E7C76 /* Movie.swift in Sources */ = {isa = PBXBuildFile; fileRef = D47E00721EBC1928009E7C76 /* Movie.swift */; };
/* End PBXBuildFile section */

/* Begin PBXFileReference section */
		D47E00591EBBE1D1009E7C76 /* popularTVmovie.app */ = {isa = PBXFileReference; explicitFileType = wrapper.application; includeInIndex = 0; path = popularTVmovie.app; sourceTree = BUILT_PRODUCTS_DIR; };
		D47E005C1EBBE1D1009E7C76 /* AppDelegate.swift */ = {isa = PBXFileReference; lastKnownFileType = sourcecode.swift; path = AppDelegate.swift; sourceTree = "<group>"; };
		D47E005E1EBBE1D1009E7C76 /* ViewController.swift */ = {isa = PBXFileReference; lastKnownFileType = sourcecode.swift; path = ViewController.swift; sourceTree = "<group>"; };
		D47E00611EBBE1D1009E7C76 /* popularTVmovie.xcdatamodel */ = {isa = PBXFileReference; lastKnownFileType = wrapper.xcdatamodel; path = popularTVmovie.xcdatamodel; sourceTree = "<group>"; };
		D47E00641EBBE1D1009E7C76 /* Base */ = {isa = PBXFileReference; lastKnownFileType = file.storyboard; name = Base; path = Base.lproj/Main.storyboard; sourceTree = "<group>"; };
		D47E00661EBBE1D2009E7C76 /* Assets.xcassets */ = {isa = PBXFileReference; lastKnownFileType = folder.assetcatalog; path = Assets.xcassets; sourceTree = "<group>"; };
		D47E00681EBBE1D2009E7C76 /* Info.plist */ = {isa = PBXFileReference; lastKnownFileType = text.plist.xml; path = Info.plist; sourceTree = "<group>"; };
		D47E006E1EBBE6D9009E7C76 /* extensions.swift */ = {isa = PBXFileReference; fileEncoding = 4; lastKnownFileType = sourcecode.swift; path = extensions.swift; sourceTree = "<group>"; };
		D47E00701EBBE7FC009E7C76 /* batman.jpg */ = {isa = PBXFileReference; lastKnownFileType = image.jpeg; path = batman.jpg; sourceTree = "<group>"; };
		D47E00721EBC1928009E7C76 /* Movie.swift */ = {isa = PBXFileReference; fileEncoding = 4; lastKnownFileType = sourcecode.swift; path = Movie.swift; sourceTree = "<group>"; };
/* End PBXFileReference section */

/* Begin PBXFrameworksBuildPhase section */
		D47E00561EBBE1D1009E7C76 /* Frameworks */ = {
			isa = PBXFrameworksBuildPhase;
			buildActionMask = 2147483647;
			files = (
			);
			runOnlyForDeploymentPostprocessing = 0;
		};
/* End PBXFrameworksBuildPhase section */

/* Begin PBXGroup section */
		D47E00501EBBE1D1009E7C76 = {
			isa = PBXGroup;
			children = (
				D47E005B1EBBE1D1009E7C76 /* popularTVmovie */,
				D47E005A1EBBE1D1009E7C76 /* Products */,
			);
			sourceTree = "<group>";
		};
		D47E005A1EBBE1D1009E7C76 /* Products */ = {
			isa = PBXGroup;
			children = (
				D47E00591EBBE1D1009E7C76 /* popularTVmovie.app */,
			);
			name = Products;
			sourceTree = "<group>";
		};
		D47E005B1EBBE1D1009E7C76 /* popularTVmovie */ = {
			isa = PBXGroup;
			children = (
				D47E005C1EBBE1D1009E7C76 /* AppDelegate.swift */,
				D47E005E1EBBE1D1009E7C76 /* ViewController.swift */,
				D47E006E1EBBE6D9009E7C76 /* extensions.swift */,
				D47E00631EBBE1D1009E7C76 /* Main.storyboard */,
				D47E00661EBBE1D2009E7C76 /* Assets.xcassets */,
				D47E00701EBBE7FC009E7C76 /* batman.jpg */,
				D47E00681EBBE1D2009E7C76 /* Info.plist */,
				D47E00721EBC1928009E7C76 /* Movie.swift */,
				D47E00601EBBE1D1009E7C76 /* popularTVmovie.xcdatamodeld */,
			);
			path = popularTVmovie;
			sourceTree = "<group>";
		};
/* End PBXGroup section */

/* Begin PBXNativeTarget section */
		D47E00581EBBE1D1009E7C76 /* popularTVmovie */ = {
			isa = PBXNativeTarget;
			buildConfigurationList = D47E006B1EBBE1D2009E7C76 /* Build configuration list for PBXNativeTarget "popularTVmovie" */;
			buildPhases = (
				D47E00551EBBE1D1009E7C76 /* Sources */,
				D47E00561EBBE1D1009E7C76 /* Frameworks */,
				D47E00571EBBE1D1009E7C76 /* Resources */,
			);
			buildRules = (
			);
			dependencies = (
			);
			name = popularTVmovie;
			productName = popularTVmovie;
			productReference = D47E00591EBBE1D1009E7C76 /* popularTVmovie.app */;
			productType = "com.apple.product-type.application";
		};
/* End PBXNativeTarget section */

/* Begin PBXProject section */
		D47E00511EBBE1D1009E7C76 /* Project object */ = {
			isa = PBXProject;
			attributes = {
				LastSwiftUpdateCheck = 0830;
				LastUpgradeCheck = 0830;
				ORGANIZATIONNAME = "eric yu";
				TargetAttributes = {
					D47E00581EBBE1D1009E7C76 = {
						CreatedOnToolsVersion = 8.3.2;
						DevelopmentTeam = XFDXLZRBS4;
						ProvisioningStyle = Automatic;
					};
				};
			};
			buildConfigurationList = D47E00541EBBE1D1009E7C76 /* Build configuration list for PBXProject "popularTVmovie" */;
			compatibilityVersion = "Xcode 3.2";
			developmentRegion = English;
			hasScannedForEncodings = 0;
			knownRegions = (
				en,
				Base,
			);
			mainGroup = D47E00501EBBE1D1009E7C76;
			productRefGroup = D47E005A1EBBE1D1009E7C76 /* Products */;
			projectDirPath = "";
			projectRoot = "";
			targets = (
				D47E00581EBBE1D1009E7C76 /* popularTVmovie */,
			);
		};
/* End PBXProject section */

/* Begin PBXResourcesBuildPhase section */
		D47E00571EBBE1D1009E7C76 /* Resources */ = {
			isa = PBXResourcesBuildPhase;
			buildActionMask = 2147483647;
			files = (
				D47E00671EBBE1D2009E7C76 /* Assets.xcassets in Resources */,
				D47E00711EBBE7FC009E7C76 /* batman.jpg in Resources */,
				D47E00651EBBE1D1009E7C76 /* Main.storyboard in Resources */,
			);
			runOnlyForDeploymentPostprocessing = 0;
		};
/* End PBXResourcesBuildPhase section */

/* Begin PBXSourcesBuildPhase section */
		D47E00551EBBE1D1009E7C76 /* Sources */ = {
			isa = PBXSourcesBuildPhase;
			buildActionMask = 2147483647;
			files = (
				D47E005F1EBBE1D1009E7C76 /* ViewController.swift in Sources */,
				D47E00621EBBE1D1009E7C76 /* popularTVmovie.xcdatamodeld in Sources */,
				D47E005D1EBBE1D1009E7C76 /* AppDelegate.swift in Sources */,
				D47E006F1EBBE6D9009E7C76 /* extensions.swift in Sources */,
				D47E00731EBC1928009E7C76 /* Movie.swift in Sources */,
			);
			runOnlyForDeploymentPostprocessing = 0;
		};
/* End PBXSourcesBuildPhase section */

/* Begin PBXVariantGroup section */
		D47E00631EBBE1D1009E7C76 /* Main.storyboard */ = {
			isa = PBXVariantGroup;
			children = (
				D47E00641EBBE1D1009E7C76 /* Base */,
			);
			name = Main.storyboard;
			sourceTree = "<group>";
		};
/* End PBXVariantGroup section */

/* Begin XCBuildConfiguration section */
		D47E00691EBBE1D2009E7C76 /* Debug */ = {
			isa = XCBuildConfiguration;
			buildSettings = {
				ALWAYS_SEARCH_USER_PATHS = NO;
				CLANG_ANALYZER_NONNULL = YES;
				CLANG_ANALYZER_NUMBER_OBJECT_CONVERSION = YES_AGGRESSIVE;
				CLANG_CXX_LANGUAGE_STANDARD = "gnu++0x";
				CLANG_CXX_LIBRARY = "libc++";
				CLANG_ENABLE_MODULES = YES;
				CLANG_ENABLE_OBJC_ARC = YES;
				CLANG_WARN_BOOL_CONVERSION = YES;
				CLANG_WARN_CONSTANT_CONVERSION = YES;
				CLANG_WARN_DIRECT_OBJC_ISA_USAGE = YES_ERROR;
				CLANG_WARN_DOCUMENTATION_COMMENTS = YES;
				CLANG_WARN_EMPTY_BODY = YES;
				CLANG_WARN_ENUM_CONVERSION = YES;
				CLANG_WARN_INFINITE_RECURSION = YES;
				CLANG_WARN_INT_CONVERSION = YES;
				CLANG_WARN_OBJC_ROOT_CLASS = YES_ERROR;
				CLANG_WARN_SUSPICIOUS_MOVE = YES;
				CLANG_WARN_UNREACHABLE_CODE = YES;
				CLANG_WARN__DUPLICATE_METHOD_MATCH = YES;
				COPY_PHASE_STRIP = NO;
				DEBUG_INFORMATION_FORMAT = dwarf;
				ENABLE_STRICT_OBJC_MSGSEND = YES;
				ENABLE_TESTABILITY = YES;
				GCC_C_LANGUAGE_STANDARD = gnu99;
				GCC_DYNAMIC_NO_PIC = NO;
				GCC_NO_COMMON_BLOCKS = YES;
				GCC_OPTIMIZATION_LEVEL = 0;
				GCC_PREPROCESSOR_DEFINITIONS = (
					"DEBUG=1",
					"$(inherited)",
				);
				GCC_WARN_64_TO_32_BIT_CONVERSION = YES;
				GCC_WARN_ABOUT_RETURN_TYPE = YES_ERROR;
				GCC_WARN_UNDECLARED_SELECTOR = YES;
				GCC_WARN_UNINITIALIZED_AUTOS = YES_AGGRESSIVE;
				GCC_WARN_UNUSED_FUNCTION = YES;
				GCC_WARN_UNUSED_VARIABLE = YES;
				MTL_ENABLE_DEBUG_INFO = YES;
				ONLY_ACTIVE_ARCH = YES;
				SDKROOT = appletvos;
				SWIFT_ACTIVE_COMPILATION_CONDITIONS = DEBUG;
				SWIFT_OPTIMIZATION_LEVEL = "-Onone";
				TARGETED_DEVICE_FAMILY = 3;
				TVOS_DEPLOYMENT_TARGET = 10.2;
			};
			name = Debug;
		};
		D47E006A1EBBE1D2009E7C76 /* Release */ = {
			isa = XCBuildConfiguration;
			buildSettings = {
				ALWAYS_SEARCH_USER_PATHS = NO;
				CLANG_ANALYZER_NONNULL = YES;
				CLANG_ANALYZER_NUMBER_OBJECT_CONVERSION = YES_AGGRESSIVE;
				CLANG_CXX_LANGUAGE_STANDARD = "gnu++0x";
				CLANG_CXX_LIBRARY = "libc++";
				CLANG_ENABLE_MODULES = YES;
				CLANG_ENABLE_OBJC_ARC = YES;
				CLANG_WARN_BOOL_CONVERSION = YES;
				CLANG_WARN_CONSTANT_CONVERSION = YES;
				CLANG_WARN_DIRECT_OBJC_ISA_USAGE = YES_ERROR;
				CLANG_WARN_DOCUMENTATION_COMMENTS = YES;
				CLANG_WARN_EMPTY_BODY = YES;
				CLANG_WARN_ENUM_CONVERSION = YES;
				CLANG_WARN_INFINITE_RECURSION = YES;
				CLANG_WARN_INT_CONVERSION = YES;
				CLANG_WARN_OBJC_ROOT_CLASS = YES_ERROR;
				CLANG_WARN_SUSPICIOUS_MOVE = YES;
				CLANG_WARN_UNREACHABLE_CODE = YES;
				CLANG_WARN__DUPLICATE_METHOD_MATCH = YES;
				COPY_PHASE_STRIP = NO;
				DEBUG_INFORMATION_FORMAT = "dwarf-with-dsym";
				ENABLE_NS_ASSERTIONS = NO;
				ENABLE_STRICT_OBJC_MSGSEND = YES;
				GCC_C_LANGUAGE_STANDARD = gnu99;
				GCC_NO_COMMON_BLOCKS = YES;
				GCC_WARN_64_TO_32_BIT_CONVERSION = YES;
				GCC_WARN_ABOUT_RETURN_TYPE = YES_ERROR;
				GCC_WARN_UNDECLARED_SELECTOR = YES;
				GCC_WARN_UNINITIALIZED_AUTOS = YES_AGGRESSIVE;
				GCC_WARN_UNUSED_FUNCTION = YES;
				GCC_WARN_UNUSED_VARIABLE = YES;
				MTL_ENABLE_DEBUG_INFO = NO;
				SDKROOT = appletvos;
				SWIFT_OPTIMIZATION_LEVEL = "-Owholemodule";
				TARGETED_DEVICE_FAMILY = 3;
				TVOS_DEPLOYMENT_TARGET = 10.2;
				VALIDATE_PRODUCT = YES;
			};
			name = Release;
		};
		D47E006C1EBBE1D2009E7C76 /* Debug */ = {
			isa = XCBuildConfiguration;
			buildSettings = {
				ASSETCATALOG_COMPILER_APPICON_NAME = "App Icon & Top Shelf Image";
				ASSETCATALOG_COMPILER_LAUNCHIMAGE_NAME = LaunchImage;
				DEVELOPMENT_TEAM = XFDXLZRBS4;
				INFOPLIST_FILE = popularTVmovie/Info.plist;
				LD_RUNPATH_SEARCH_PATHS = "$(inherited) @executable_path/Frameworks";
				PRODUCT_BUNDLE_IDENTIFIER = com.ericyu423.popularTVmovie;
				PRODUCT_NAME = "$(TARGET_NAME)";
				SWIFT_VERSION = 3.0;
			};
			name = Debug;
		};
		D47E006D1EBBE1D2009E7C76 /* Release */ = {
			isa = XCBuildConfiguration;
			buildSettings = {
				ASSETCATALOG_COMPILER_APPICON_NAME = "App Icon & Top Shelf Image";
				ASSETCATALOG_COMPILER_LAUNCHIMAGE_NAME = LaunchImage;
				DEVELOPMENT_TEAM = XFDXLZRBS4;
				INFOPLIST_FILE = popularTVmovie/Info.plist;
				LD_RUNPATH_SEARCH_PATHS = "$(inherited) @executable_path/Frameworks";
				PRODUCT_BUNDLE_IDENTIFIER = com.ericyu423.popularTVmovie;
				PRODUCT_NAME = "$(TARGET_NAME)";
				SWIFT_VERSION = 3.0;
			};
			name = Release;
		};
/* End XCBuildConfiguration section */

/* Begin XCConfigurationList section */
		D47E00541EBBE1D1009E7C76 /* Build configuration list for PBXProject "popularTVmovie" */ = {
			isa = XCConfigurationList;
			buildConfigurations = (
				D47E00691EBBE1D2009E7C76 /* Debug */,
				D47E006A1EBBE1D2009E7C76 /* Release */,
			);
			defaultConfigurationIsVisible = 0;
			defaultConfigurationName = Release;
		};
		D47E006B1EBBE1D2009E7C76 /* Build configuration list for PBXNativeTarget "popularTVmovie" */ = {
			isa = XCConfigurationList;
			buildConfigurations = (
				D47E006C1EBBE1D2009E7C76 /* Debug */,
				D47E006D1EBBE1D2009E7C76 /* Release */,
			);
			defaultConfigurationIsVisible = 0;
		};
/* End XCConfigurationList section */

/* Begin XCVersionGroup section */
		D47E00601EBBE1D1009E7C76 /* popularTVmovie.xcdatamodeld */ = {
			isa = XCVersionGroup;
			children = (
				D47E00611EBBE1D1009E7C76 /* popularTVmovie.xcdatamodel */,
			);
			currentVersion = D47E00611EBBE1D1009E7C76 /* popularTVmovie.xcdatamodel */;
			path = popularTVmovie.xcdatamodeld;
			sourceTree = "<group>";
			versionGroupType = wrapper.xcdatamodel;
		};
/* End XCVersionGroup section */
	};
	rootObject = D47E00511EBBE1D1009E7C76 /* Project object */;
}
